lockfileVersion: '9.0'

settings:
  autoInstallPeers: true
  excludeLinksFromLockfile: false

importers:

  .:
    devDependencies:
      browserslist:
        specifier: ^4.28.2
        version: 4.28.2

packages:

  baseline-browser-mapping@2.10.33:
    resolution: {integrity: sha512-bA6+tcSLpz2tIEdDXZPpPTIuxBcC4+w6SieaYyfigIa4h8GlFxbA17v22Vx3JUtuZQj9SgOsnbK+aTBzyDyEuw==}
    engines: {node: '>=6.0.0'}
    hasBin: true

  browserslist@4.28.2:
    resolution: {integrity: sha512-48xSriZYYg+8qXna9kwqjIVzuQxi+KYWp2+5nCYnYKPTr0LvD89Jqk2Or5ogxz0NUMfIjhh2lIUX/LyX9B4oIg==}
    engines: {node: ^6 || ^7 || ^8 || ^9 || ^10 || ^11 || ^12 || >=13.7}
    hasBin: true

  caniuse-lite@1.0.30001793:
    resolution: {integrity: sha512-iwSsYWaCOoh26cV8NwNRViHlrfUvYsHDfRVcbtmw0Kg6PJIZZXwMkj1442FYLBGkeUf1juAsU3DTfxW579mrPA==}

  electron-to-chromium@1.5.366:
    resolution: {integrity: sha512-OlRuhb688YTCzzU3gXPLn6nGyd+F+53INE1qaKKlu6kETErE8FYsyDh0XqXEU+uBRn0MpCzz2vfNwORhkap8qg==}

  escalade@3.2.0:
    resolution: {integrity: sha512-WUj2qlxaQtO4g6Pq5c29GTcWGDyd8itL8zTlipgECz3JesAiiOKotd8JU6otB3PACgG6xkJUyVhboMS+bje/jA==}
    engines: {node: '>=6'}

  node-releases@2.0.47:
    resolution: {integrity: sha512-Uzmd6LXpouKo8EUK68IjH4+E01w/hXyV3R3g/geCJo+rXLNfh1xucB+LOzYEOQPSiUK3h/xZf0cQGcSsmyL2Og==}
    engines: {node: '>=18'}

  picocolors@1.1.1:
    resolution: {integrity: sha512-xceH2snhtb5M9liqDsmEw56le376mTZkEX/jEb/RxNFyegNul7eNslCXP9FDj/Lcu0X8KEyMceP2ntpaHrDEVA==}

  update-browserslist-db@1.2.3:
    resolution: {integrity: sha512-Js0m9cx+qOgDxo0eMiFGEueWztz+d4+M3rGlmKPT+T4IS/jP4ylw3Nwpu6cpTTP8R1MAC1kF4VbdLt3ARf209w==}
    hasBin: true
    peerDependencies:
      browserslist: '>= 4.21.0'

snapshots:

  baseline-browser-mapping@2.10.33: {}

  browserslist@4.28.2:
    dependencies:
      baseline-browser-mapping: 2.10.33
      caniuse-lite: 1.0.30001793
      electron-to-chromium: 1.5.366
      node-releases: 2.0.47
      update-browserslist-db: 1.2.3(browserslist@4.28.2)

  caniuse-lite@1.0.30001793: {}

  electron-to-chromium@1.5.366: {}

  escalade@3.2.0: {}

  node-releases@2.0.47: {}

  picocolors@1.1.1: {}

  update-browserslist-db@1.2.3(browserslist@4.28.2):
    dependencies:
      browserslist: 4.28.2
      escalade: 3.2.0
      picocolors: 1.1.1
