lockfileVersion: '9.0'

settings:
  autoInstallPeers: true
  excludeLinksFromLockfile: false

importers:

  .:
    devDependencies:
      baseline-browser-mapping:
        specifier: ^2.11.8
        version: 2.11.8
      browserslist:
        specifier: ^4.28.7
        version: 4.28.7
      caniuse-lite:
        specifier: ^1.0.30001806
        version: 1.0.30001806
      electron-to-chromium:
        specifier: ^1.5.399
        version: 1.5.399
      node-releases:
        specifier: ^2.0.51
        version: 2.0.51

packages:

  baseline-browser-mapping@2.11.8:
    resolution: {integrity: sha512-zAgkquC2WYF0PIc6XbNYkA2uuxxFavzgmX61R+dHDUa558V8Ejf8ozTZFR6QzM24RWu4kBcRkhJ5kpz77j9fnQ==}
    engines: {node: '>=6.0.0'}
    hasBin: true

  browserslist@4.28.7:
    resolution: {integrity: sha512-JxV13hNrFxqjOc8alRbq9dK1MM79NEXYpma2B2J4wAtpWS5zIEIKqWPGCl7N4o7Uc7B7itylh7SuDujATRyyTw==}
    engines: {node: ^6 || ^7 || ^8 || ^9 || ^10 || ^11 || ^12 || >=13.7}
    hasBin: true

  caniuse-lite@1.0.30001806:
    resolution: {integrity: sha512-72Cuvd95zbSYPKq6Fhg8eDJRlzgWDf7/mtoZv6Qe/DYNCEBdNxoA3+rZAU2ZhGCpZlns3EssFavaZomckT5Uuw==}

  electron-to-chromium@1.5.399:
    resolution: {integrity: sha512-lEcqhErbHjXRvd41rnWLpzbyU/IXfIYo7QwaFWmxGeLiLyY2TBCdHnWY88vB+p3ubnihRypDm66panXl7TylLA==}

  escalade@3.2.0:
    resolution: {integrity: sha512-WUj2qlxaQtO4g6Pq5c29GTcWGDyd8itL8zTlipgECz3JesAiiOKotd8JU6otB3PACgG6xkJUyVhboMS+bje/jA==}
    engines: {node: '>=6'}

  node-releases@2.0.51:
    resolution: {integrity: sha512-wRNIrw4DmVLKQlbgOMdkMx27Wrpzes2hh5Jtbi2bjPd+4wJstWIqP5A+lscnqbm0xxmT5Bpg8Lec5ItEBwx6BQ==}
    engines: {node: '>=18'}

  picocolors@1.1.1:
    resolution: {integrity: sha512-xceH2snhtb5M9liqDsmEw56le376mTZkEX/jEb/RxNFyegNul7eNslCXP9FDj/Lcu0X8KEyMceP2ntpaHrDEVA==}

  update-browserslist-db@1.2.3:
    resolution: {integrity: sha512-Js0m9cx+qOgDxo0eMiFGEueWztz+d4+M3rGlmKPT+T4IS/jP4ylw3Nwpu6cpTTP8R1MAC1kF4VbdLt3ARf209w==}
    hasBin: true
    peerDependencies:
      browserslist: '>= 4.21.0'

snapshots:

  baseline-browser-mapping@2.11.8: {}

  browserslist@4.28.7:
    dependencies:
      baseline-browser-mapping: 2.11.8
      caniuse-lite: 1.0.30001806
      electron-to-chromium: 1.5.399
      node-releases: 2.0.51
      update-browserslist-db: 1.2.3(browserslist@4.28.7)

  caniuse-lite@1.0.30001806: {}

  electron-to-chromium@1.5.399: {}

  escalade@3.2.0: {}

  node-releases@2.0.51: {}

  picocolors@1.1.1: {}

  update-browserslist-db@1.2.3(browserslist@4.28.7):
    dependencies:
      browserslist: 4.28.7
      escalade: 3.2.0
      picocolors: 1.1.1
